
Microsoft Visual Studio Solution File, Format Version 12.00
# Visual Studio 15
VisualStudioVersion = 15.0.28307.136
MinimumVisualStudioVersion = 10.0.40219.1
Project("{FAE04EC0-301F-11D3-BF4B-00C04F79EFBC}") = "offset-my-carbon-api", "offset-my-carbon-api\offset-my-carbon-api.csproj", "{F60C37DD-FFF6-47D8-AD98-7AFE2492C2B0}"
EndProject
Project("{FAE04EC0-301F-11D3-BF4B-00C04F79EFBC}") = "offset-my-carbon-dal", "offset-my-carbon-dal\offset-my-carbon-dal.csproj", "{7C324D86-5EFC-4CE8-A8B0-CA49786D94CD}"
EndProject
Global
	GlobalSection(SolutionConfigurationPlatforms) = preSolution
		Debug|Any CPU = Debug|Any CPU
		Release|Any CPU = Release|Any CPU
	EndGlobalSection
	GlobalSection(ProjectConfigurationPlatforms) = postSolution
		{F60C37DD-FFF6-47D8-AD98-7AFE2492C2B0}.Debug|Any CPU.ActiveCfg = Debug|Any CPU
		{F60C37DD-FFF6-47D8-AD98-7AFE2492C2B0}.Debug|Any CPU.Build.0 = Debug|Any CPU
		{F60C37DD-FFF6-47D8-AD98-7AFE2492C2B0}.Release|Any CPU.ActiveCfg = Release|Any CPU
		{F60C37DD-FFF6-47D8-AD98-7AFE2492C2B0}.Release|Any CPU.Build.0 = Release|Any CPU
		{7C324D86-5EFC-4CE8-A8B0-CA49786D94CD}.Debug|Any CPU.ActiveCfg = Debug|Any CPU
		{7C324D86-5EFC-4CE8-A8B0-CA49786D94CD}.Debug|Any CPU.Build.0 = Debug|Any CPU
		{7C324D86-5EFC-4CE8-A8B0-CA49786D94CD}.Release|Any CPU.ActiveCfg = Release|Any CPU
		{7C324D86-5EFC-4CE8-A8B0-CA49786D94CD}.Release|Any CPU.Build.0 = Release|Any CPU
	EndGlobalSection
	GlobalSection(SolutionProperties) = preSolution
		HideSolutionNode = FALSE
	EndGlobalSection
	GlobalSection(ExtensibilityGlobals) = postSolution
		SolutionGuid = {83C71A98-810E-4C6C-A67C-B8BBE1A064D4}
	EndGlobalSection
EndGlobal
